# This file is generated by running "yarn install" inside your project.
# Manual changes might be lost - proceed with caution!

__metadata:
  version: 8
  cacheKey: 10c0

"@octokit/app@npm:^15.1.6":
  version: 15.1.6
  resolution: "@octokit/app@npm:15.1.6"
  dependencies:
    "@octokit/auth-app": "npm:^7.2.1"
    "@octokit/auth-unauthenticated": "npm:^6.1.3"
    "@octokit/core": "npm:^6.1.5"
    "@octokit/oauth-app": "npm:^7.1.6"
    "@octokit/plugin-paginate-rest": "npm:^12.0.0"
    "@octokit/types": "npm:^14.0.0"
    "@octokit/webhooks": "npm:^13.6.1"
  checksum: 10c0/865098127d85cc58adda78c9b86cae58c502410a0d9c23d6eeabe633bc6c5e7d5f8901f243c519a0ce72342a8d08d73f120b32a864a8f6e4eeb3ad33326b6825
  languageName: node
  linkType: hard

"@octokit/auth-app@npm:^7.2.1":
  version: 7.2.1
  resolution: "@octokit/auth-app@npm:7.2.1"
  dependencies:
    "@octokit/auth-oauth-app": "npm:^8.1.4"
    "@octokit/auth-oauth-user": "npm:^5.1.4"
    "@octokit/request": "npm:^9.2.3"
    "@octokit/request-error": "npm:^6.1.8"
    "@octokit/types": "npm:^14.0.0"
    toad-cache: "npm:^3.7.0"
    universal-github-app-jwt: "npm:^2.2.0"
    universal-user-agent: "npm:^7.0.0"
  checksum: 10c0/da8890ad8ae554697a4d58427d7633c8d4d6f7acbfc14e98345b85035cca6773c393f5db5767b455dfc8de9bc5bac4da2d24e443cd48e701de11dd52fa128385
  languageName: node
  linkType: hard

"@octokit/auth-oauth-app@npm:^8.1.3, @octokit/auth-oauth-app@npm:^8.1.4":
  version: 8.1.4
  resolution: "@octokit/auth-oauth-app@npm:8.1.4"
  dependencies:
    "@octokit/auth-oauth-device": "npm:^7.1.5"
    "@octokit/auth-oauth-user": "npm:^5.1.4"
    "@octokit/request": "npm:^9.2.3"
    "@octokit/types": "npm:^14.0.0"
    universal-user-agent: "npm:^7.0.0"
  checksum: 10c0/2e50711be9ee6c3bf85cf1d58a1d8ae56c36eb894dcfdacabda92b9454b2c49bccc56fb1a989d3e56625885f1ef36278cc01f65c01cde6e3b505b363eac66cc6
  languageName: node
  linkType: hard

"@octokit/auth-oauth-device@npm:^7.1.5":
  version: 7.1.5
  resolution: "@octokit/auth-oauth-device@npm:7.1.5"
  dependencies:
    "@octokit/oauth-methods": "npm:^5.1.5"
    "@octokit/request": "npm:^9.2.3"
    "@octokit/types": "npm:^14.0.0"
    universal-user-agent: "npm:^7.0.0"
  checksum: 10c0/f93a67473c58e8b855af15c7300a0937c9d3c6ea898e5e810f2f9762100c6cee22ae52e18c7f926b0e4c6c52573751d4c4ab6294c44116bed2d9fdde5cbdd35d
  languageName: node
  linkType: hard

"@octokit/auth-oauth-user@npm:^5.1.3, @octokit/auth-oauth-user@npm:^5.1.4":
  version: 5.1.4
  resolution: "@octokit/auth-oauth-user@npm:5.1.4"
  dependencies:
    "@octokit/auth-oauth-device": "npm:^7.1.5"
    "@octokit/oauth-methods": "npm:^5.1.5"
    "@octokit/request": "npm:^9.2.3"
    "@octokit/types": "npm:^14.0.0"
    universal-user-agent: "npm:^7.0.0"
  checksum: 10c0/2bb597b2e50fbd5c03bee3a276efa72b03105aff1d9e243c18a71b72d9fe4ad4b1cee52c2df3e022c4169c7c1d37ab14d05455d5de982528914af965e14b763a
  languageName: node
  linkType: hard

"@octokit/auth-token@npm:^5.0.0":
  version: 5.1.2
  resolution: "@octokit/auth-token@npm:5.1.2"
  checksum: 10c0/bd4952571d9c559ede1f6ef8f7756900256d19df0180db04da88886a05484c7e6a4397611422e4804465a82addc8c2daa21d0bb4f450403552ee81041a4046d1
  languageName: node
  linkType: hard

"@octokit/auth-unauthenticated@npm:^6.1.2, @octokit/auth-unauthenticated@npm:^6.1.3":
  version: 6.1.3
  resolution: "@octokit/auth-unauthenticated@npm:6.1.3"
  dependencies:
    "@octokit/request-error": "npm:^6.1.8"
    "@octokit/types": "npm:^14.0.0"
  checksum: 10c0/60639987fa30e68c4ecd98dd9f1604b3f4368384979cdfa2ab9ea2d0b04c50b42a990e67167cf2a0098205a994b3a80d76b23bb0de4c8c956a898b977f5ce7d0
  languageName: node
  linkType: hard

"@octokit/core@npm:^6.1.4, @octokit/core@npm:^6.1.5":
  version: 6.1.5
  resolution: "@octokit/core@npm:6.1.5"
  dependencies:
    "@octokit/auth-token": "npm:^5.0.0"
    "@octokit/graphql": "npm:^8.2.2"
    "@octokit/request": "npm:^9.2.3"
    "@octokit/request-error": "npm:^6.1.8"
    "@octokit/types": "npm:^14.0.0"
    before-after-hook: "npm:^3.0.2"
    universal-user-agent: "npm:^7.0.0"
  checksum: 10c0/c89ea754cc33da740fdd69fadb971b4b65c89971bba4e8ad545d3ea7aba79759ee3e195c3b72e7df78f14b8b1d392bddc56e7c385d48b5272319ea6a0246ac7c
  languageName: node
  linkType: hard

"@octokit/endpoint@npm:^10.1.4":
  version: 10.1.4
  resolution: "@octokit/endpoint@npm:10.1.4"
  dependencies:
    "@octokit/types": "npm:^14.0.0"
    universal-user-agent: "npm:^7.0.2"
  checksum: 10c0/bf7cca71a05dc4751df658588e32642e59c98768e7509521226b997ea4837e2d16efd35c391231c76d888226f4daf80e6a9f347dee01a69f490253654dada581
  languageName: node
  linkType: hard

"@octokit/graphql@npm:^8.2.2":
  version: 8.2.2
  resolution: "@octokit/graphql@npm:8.2.2"
  dependencies:
    "@octokit/request": "npm:^9.2.3"
    "@octokit/types": "npm:^14.0.0"
    universal-user-agent: "npm:^7.0.0"
  checksum: 10c0/29cd5af5ed04e416d28798a11907ab861dc73c0af47f8c9c3f4183d81d2e77d88228643825538acc81e7015f78d891f84107929019a673b06a6b38ccea6a24e0
  languageName: node
  linkType: hard

"@octokit/oauth-app@npm:^7.1.6":
  version: 7.1.6
  resolution: "@octokit/oauth-app@npm:7.1.6"
  dependencies:
    "@octokit/auth-oauth-app": "npm:^8.1.3"
    "@octokit/auth-oauth-user": "npm:^5.1.3"
    "@octokit/auth-unauthenticated": "npm:^6.1.2"
    "@octokit/core": "npm:^6.1.4"
    "@octokit/oauth-authorization-url": "npm:^7.1.1"
    "@octokit/oauth-methods": "npm:^5.1.4"
    "@types/aws-lambda": "npm:^8.10.83"
    universal-user-agent: "npm:^7.0.0"
  checksum: 10c0/75264f6cb9336baf815bb85ea450d69c5d33eb70754065c9c5307b10d0efec2d76bb17c7788346dfb8b5e4ad0205e6df841b9c709eaf077390bba793787841f5
  languageName: node
  linkType: hard

"@octokit/oauth-authorization-url@npm:^7.0.0, @octokit/oauth-authorization-url@npm:^7.1.1":
  version: 7.1.1
  resolution: "@octokit/oauth-authorization-url@npm:7.1.1"
  checksum: 10c0/a2723dde503693d4b0793bc43988d7445bdbd1a4e4994f4e94e635816c87b12a3058609eb5982d91783ddf6cdf663ccdb954b5d05efdc59cb66bc0456d7ba370
  languageName: node
  linkType: hard

"@octokit/oauth-methods@npm:^5.1.4, @octokit/oauth-methods@npm:^5.1.5":
  version: 5.1.5
  resolution: "@octokit/oauth-methods@npm:5.1.5"
  dependencies:
    "@octokit/oauth-authorization-url": "npm:^7.0.0"
    "@octokit/request": "npm:^9.2.3"
    "@octokit/request-error": "npm:^6.1.8"
    "@octokit/types": "npm:^14.0.0"
  checksum: 10c0/2b1c5f9ef0fcdb2f19fd864303a67bdda296fcb2cc058efc51bf3fbb3cb582475a5532eab05bd7a57277607730fa4a7796431564693fffdb9c4cb2b471484a5c
  languageName: node
  linkType: hard

"@octokit/openapi-types@npm:^25.0.0":
  version: 25.0.0
  resolution: "@octokit/openapi-types@npm:25.0.0"
  checksum: 10c0/59c9e5998e08cecec155b776c93d8f6f88ab1a812add61cc65f3de8f3744201565545eac308083d18c9fa330a4381a27bcd771a311ac0348d3590a00f333f233
  languageName: node
  linkType: hard

"@octokit/openapi-webhooks-types@npm:11.0.0":
  version: 11.0.0
  resolution: "@octokit/openapi-webhooks-types@npm:11.0.0"
  checksum: 10c0/cea59ba6b976a242fa4e6bedfab7e6fc3437381557d2c1876ca3aea5f6d4231559a378f9bc35e09593cb2d466afb4a2415be66b960f3e0a38b65b8b9f22ff90e
  languageName: node
  linkType: hard

"@octokit/plugin-paginate-graphql@npm:^5.2.4":
  version: 5.2.4
  resolution: "@octokit/plugin-paginate-graphql@npm:5.2.4"
  peerDependencies:
    "@octokit/core": ">=6"
  checksum: 10c0/30601cf11d78e5683098d68fbff071a3d20b1e23758f40b1f43fbc93f69b3d0e07f2c9aaaaee113e586af7f604e809ba93702d932b1a4ea65998c7ab39a40a54
  languageName: node
  linkType: hard

"@octokit/plugin-paginate-rest@npm:^12.0.0":
  version: 12.0.0
  resolution: "@octokit/plugin-paginate-rest@npm:12.0.0"
  dependencies:
    "@octokit/types": "npm:^14.0.0"
  peerDependencies:
    "@octokit/core": ">=6"
  checksum: 10c0/4ed04e8c111ac8cfb0692f917fe09ff6484b7436f0605c661e8051c6fb281c0260c9b067c1422529b948e53b22221b0f7664e2d10a28dcd9db14465c02c7182f
  languageName: node
  linkType: hard

"@octokit/plugin-rest-endpoint-methods@npm:^14.0.0":
  version: 14.0.0
  resolution: "@octokit/plugin-rest-endpoint-methods@npm:14.0.0"
  dependencies:
    "@octokit/types": "npm:^14.0.0"
  peerDependencies:
    "@octokit/core": ">=6"
  checksum: 10c0/c3f26c5277d4aa0c898d8fdbf84326943ea80496e6f60ae34834415384ab629e1e3702d1ed82d40c31a7370edfcb5fa9fe434b0357b302b3be309879bad1d4e6
  languageName: node
  linkType: hard

"@octokit/plugin-retry@npm:^7.2.1":
  version: 7.2.1
  resolution: "@octokit/plugin-retry@npm:7.2.1"
  dependencies:
    "@octokit/request-error": "npm:^6.1.8"
    "@octokit/types": "npm:^14.0.0"
    bottleneck: "npm:^2.15.3"
  peerDependencies:
    "@octokit/core": ">=6"
  checksum: 10c0/0cac8aa32bfe9612cbaba36f51382c69c882ef7927e1deb4b166fe664959887e952205adbf8b9ff461e0128ac3e1bd807ca58e38041a55ddb3214397584f0406
  languageName: node
  linkType: hard

"@octokit/plugin-throttling@npm:^10.0.0":
  version: 10.0.0
  resolution: "@octokit/plugin-throttling@npm:10.0.0"
  dependencies:
    "@octokit/types": "npm:^14.0.0"
    bottleneck: "npm:^2.15.3"
  peerDependencies:
    "@octokit/core": ^6.1.3
  checksum: 10c0/60294f89bcc03b034fce557dffcb0dba1b02d1fa1834b3b4f542f8635750df4bd23fc143f7c71f802a22a1aaed089c5da77979e6803abe11908b1c91aa1ba419
  languageName: node
  linkType: hard

"@octokit/request-error@npm:^6.1.7, @octokit/request-error@npm:^6.1.8":
  version: 6.1.8
  resolution: "@octokit/request-error@npm:6.1.8"
  dependencies:
    "@octokit/types": "npm:^14.0.0"
  checksum: 10c0/02aa5bfebb5b1b9e152558b4a6f4f7dcb149b41538778ffe0fce3395fd0da5c0862311a78e94723435667581b2a58a7cefa458cf7aa19ae2948ae419276f7ee1
  languageName: node
  linkType: hard

"@octokit/request@npm:^9.2.3":
  version: 9.2.3
  resolution: "@octokit/request@npm:9.2.3"
  dependencies:
    "@octokit/endpoint": "npm:^10.1.4"
    "@octokit/request-error": "npm:^6.1.8"
    "@octokit/types": "npm:^14.0.0"
    fast-content-type-parse: "npm:^2.0.0"
    universal-user-agent: "npm:^7.0.2"
  checksum: 10c0/96067fc9a5f30f2faa00f08015309930561c3ea0536b543e1c91c475f965eabc81c48fc27d401681ebdb3f6c1acc5d46eaa69163ab98b0faa08be1c02ea5b684
  languageName: node
  linkType: hard

"@octokit/types@npm:^14.0.0":
  version: 14.0.0
  resolution: "@octokit/types@npm:14.0.0"
  dependencies:
    "@octokit/openapi-types": "npm:^25.0.0"
  checksum: 10c0/c82da635fe99f265dbef7bf954d45a23ca7ce9c6fc9a8478c247b5435799e5d0eab3ff42f085785ee0882b2de293cab0ab831b379c66f41d00b78412df850ba4
  languageName: node
  linkType: hard

"@octokit/webhooks-definitions@octokit/webhooks":
  version: 0.0.0-development
  resolution: "@octokit/webhooks-definitions@https://github.com/octokit/webhooks.git#commit=e5304814003f52b2697310a52f9d6bfc07632bd3"
  checksum: 10c0/ff90b65b388b3f5ce80a0aa47c6ceb98578f8df6364799db5fc17ffadbbe7e533a7f2c548b279ebd4780e00a2cdcc5f07093b0add975d014af2722496413f75f
  languageName: node
  linkType: hard

"@octokit/webhooks-methods@npm:^5.1.1":
  version: 5.1.1
  resolution: "@octokit/webhooks-methods@npm:5.1.1"
  checksum: 10c0/837aa49dbc7f8bc01448f4eaea32cfb0c1cbfa0b4ac570f7bcda385c71f43e4be05e91a3fb63708448410b27e246570fde42056b6b87d755154d84eff5a6500c
  languageName: node
  linkType: hard

"@octokit/webhooks@npm:^13.6.1, @octokit/webhooks@npm:^13.8.2":
  version: 13.8.2
  resolution: "@octokit/webhooks@npm:13.8.2"
  dependencies:
    "@octokit/openapi-webhooks-types": "npm:11.0.0"
    "@octokit/request-error": "npm:^6.1.7"
    "@octokit/webhooks-methods": "npm:^5.1.1"
  checksum: 10c0/5053ab9cff8afe4cd6e7d7a41af3f1b0c0ccc5058482577aa82bb8e5003f3002896c68bd59d7da363204c2d6baa4cca73ed684bb7a5a9286ca4b43172cd1fe9e
  languageName: node
  linkType: hard

"@types/aws-lambda@npm:^8.10.83":
  version: 8.10.149
  resolution: "@types/aws-lambda@npm:8.10.149"
  checksum: 10c0/9ef41214a1b69fa30d89cab575429793f1ccc49cfe3a7aa75228aef31a202bb6d2c306a5b33def61ef29e0d0a1a324412bf6a4fa5a615e61117685584a394047
  languageName: node
  linkType: hard

"@types/node-fetch@npm:^2.6.4":
  version: 2.6.12
  resolution: "@types/node-fetch@npm:2.6.12"
  dependencies:
    "@types/node": "npm:*"
    form-data: "npm:^4.0.0"
  checksum: 10c0/7693acad5499b7df2d1727d46cff092a63896dc04645f36b973dd6dd754a59a7faba76fcb777bdaa35d80625c6a9dd7257cca9c401a4bab03b04480cda7fd1af
  languageName: node
  linkType: hard

"@types/node@npm:*":
  version: 22.15.9
  resolution: "@types/node@npm:22.15.9"
  dependencies:
    undici-types: "npm:~6.21.0"
  checksum: 10c0/f294ba23e441b4f919394d0e4c80f3f33e858e6f1db0561317148da2db3d3c67809fd1a38de481328933b0d5c6174db40cb6ab65f12b2cf3309df7f07a8e46f6
  languageName: node
  linkType: hard

"@types/node@npm:^18.11.18":
  version: 18.19.93
  resolution: "@types/node@npm:18.19.93"
  dependencies:
    undici-types: "npm:~5.26.4"
  checksum: 10c0/f4d1ca1a07b88bde6ae46b1f4cf3ace8db98406283f0caa18b22f642a6f4361d801e7efd44ee13d818114bb33b2a56e1a9cd97321b58fd3d8147351fabf4be82
  languageName: node
  linkType: hard

"@types/node@npm:^22.15.8":
  version: 22.15.8
  resolution: "@types/node@npm:22.15.8"
  dependencies:
    undici-types: "npm:~6.21.0"
  checksum: 10c0/980ddda0c98ce53689d52e8c20fbc7f7a42280780c4617892872c3bc2c342ef7b0bae5ff41eec536981a7d39fd7a9af71f5ce8849b36a2084d3945b7bc438d05
  languageName: node
  linkType: hard

"abort-controller@npm:^3.0.0":
  version: 3.0.0
  resolution: "abort-controller@npm:3.0.0"
  dependencies:
    event-target-shim: "npm:^5.0.0"
  checksum: 10c0/90ccc50f010250152509a344eb2e71977fbf8db0ab8f1061197e3275ddf6c61a41a6edfd7b9409c664513131dd96e962065415325ef23efa5db931b382d24ca5
  languageName: node
  linkType: hard

"agentkeepalive@npm:^4.2.1":
  version: 4.6.0
  resolution: "agentkeepalive@npm:4.6.0"
  dependencies:
    humanize-ms: "npm:^1.2.1"
  checksum: 10c0/235c182432f75046835b05f239708107138a40103deee23b6a08caee5136873709155753b394ec212e49e60e94a378189562cb01347765515cff61b692c69187
  languageName: node
  linkType: hard

"asynckit@npm:^0.4.0":
  version: 0.4.0
  resolution: "asynckit@npm:0.4.0"
  checksum: 10c0/d73e2ddf20c4eb9337e1b3df1a0f6159481050a5de457c55b14ea2e5cb6d90bb69e004c9af54737a5ee0917fcf2c9e25de67777bbe58261847846066ba75bc9d
  languageName: node
  linkType: hard

"before-after-hook@npm:^3.0.2":
  version: 3.0.2
  resolution: "before-after-hook@npm:3.0.2"
  checksum: 10c0/dea640f9e88a1085372c9bcc974b7bf379267490693da92ec102a7d8b515dd1e95f00ef575a146b83ca638104c57406c3427d37bdf082f602dde4b56d05bba14
  languageName: node
  linkType: hard

"bottleneck@npm:^2.15.3":
  version: 2.19.5
  resolution: "bottleneck@npm:2.19.5"
  checksum: 10c0/b0f72e45b2e0f56a21ba720183f16bef8e693452fb0495d997fa354e42904353a94bd8fd429868e6751bc85e54b6755190519eed5a0ae0a94a5185209ae7c6d0
  languageName: node
  linkType: hard

"call-bind-apply-helpers@npm:^1.0.1, call-bind-apply-helpers@npm:^1.0.2":
  version: 1.0.2
  resolution: "call-bind-apply-helpers@npm:1.0.2"
  dependencies:
    es-errors: "npm:^1.3.0"
    function-bind: "npm:^1.1.2"
  checksum: 10c0/47bd9901d57b857590431243fea704ff18078b16890a6b3e021e12d279bbf211d039155e27d7566b374d49ee1f8189344bac9833dec7a20cdec370506361c938
  languageName: node
  linkType: hard

"combined-stream@npm:^1.0.8":
  version: 1.0.8
  resolution: "combined-stream@npm:1.0.8"
  dependencies:
    delayed-stream: "npm:~1.0.0"
  checksum: 10c0/0dbb829577e1b1e839fa82b40c07ffaf7de8a09b935cadd355a73652ae70a88b4320db322f6634a4ad93424292fa80973ac6480986247f1734a1137debf271d5
  languageName: node
  linkType: hard

"commander@npm:^12.0.0":
  version: 12.1.0
  resolution: "commander@npm:12.1.0"
  checksum: 10c0/6e1996680c083b3b897bfc1cfe1c58dfbcd9842fd43e1aaf8a795fbc237f65efcc860a3ef457b318e73f29a4f4a28f6403c3d653d021d960e4632dd45bde54a9
  languageName: node
  linkType: hard

"delayed-stream@npm:~1.0.0":
  version: 1.0.0
  resolution: "delayed-stream@npm:1.0.0"
  checksum: 10c0/d758899da03392e6712f042bec80aa293bbe9e9ff1b2634baae6a360113e708b91326594c8a486d475c69d6259afb7efacdc3537bfcda1c6c648e390ce601b19
  languageName: node
  linkType: hard

"dotenv@npm:^16.5.0":
  version: 16.5.0
  resolution: "dotenv@npm:16.5.0"
  checksum: 10c0/5bc94c919fbd955bf0ba44d33922a1e93d1078e64a1db5c30faeded1d996e7a83c55332cb8ea4fae5a9ca4d0be44cbceb95c5811e70f9f095298df09d1997dd9
  languageName: node
  linkType: hard

"dunder-proto@npm:^1.0.1":
  version: 1.0.1
  resolution: "dunder-proto@npm:1.0.1"
  dependencies:
    call-bind-apply-helpers: "npm:^1.0.1"
    es-errors: "npm:^1.3.0"
    gopd: "npm:^1.2.0"
  checksum: 10c0/199f2a0c1c16593ca0a145dbf76a962f8033ce3129f01284d48c45ed4e14fea9bbacd7b3610b6cdc33486cef20385ac054948fefc6272fcce645c09468f93031
  languageName: node
  linkType: hard

"es-define-property@npm:^1.0.1":
  version: 1.0.1
  resolution: "es-define-property@npm:1.0.1"
  checksum: 10c0/3f54eb49c16c18707949ff25a1456728c883e81259f045003499efba399c08bad00deebf65cccde8c0e07908c1a225c9d472b7107e558f2a48e28d530e34527c
  languageName: node
  linkType: hard

"es-errors@npm:^1.3.0":
  version: 1.3.0
  resolution: "es-errors@npm:1.3.0"
  checksum: 10c0/0a61325670072f98d8ae3b914edab3559b6caa980f08054a3b872052640d91da01d38df55df797fcc916389d77fc92b8d5906cf028f4db46d7e3003abecbca85
  languageName: node
  linkType: hard

"es-object-atoms@npm:^1.0.0, es-object-atoms@npm:^1.1.1":
  version: 1.1.1
  resolution: "es-object-atoms@npm:1.1.1"
  dependencies:
    es-errors: "npm:^1.3.0"
  checksum: 10c0/65364812ca4daf48eb76e2a3b7a89b3f6a2e62a1c420766ce9f692665a29d94fe41fe88b65f24106f449859549711e4b40d9fb8002d862dfd7eb1c512d10be0c
  languageName: node
  linkType: hard

"es-set-tostringtag@npm:^2.1.0":
  version: 2.1.0
  resolution: "es-set-tostringtag@npm:2.1.0"
  dependencies:
    es-errors: "npm:^1.3.0"
    get-intrinsic: "npm:^1.2.6"
    has-tostringtag: "npm:^1.0.2"
    hasown: "npm:^2.0.2"
  checksum: 10c0/ef2ca9ce49afe3931cb32e35da4dcb6d86ab02592cfc2ce3e49ced199d9d0bb5085fc7e73e06312213765f5efa47cc1df553a6a5154584b21448e9fb8355b1af
  languageName: node
  linkType: hard

"event-target-shim@npm:^5.0.0":
  version: 5.0.1
  resolution: "event-target-shim@npm:5.0.1"
  checksum: 10c0/0255d9f936215fd206156fd4caa9e8d35e62075d720dc7d847e89b417e5e62cf1ce6c9b4e0a1633a9256de0efefaf9f8d26924b1f3c8620cffb9db78e7d3076b
  languageName: node
  linkType: hard

"eventsource-parser@npm:^3.0.1":
  version: 3.0.1
  resolution: "eventsource-parser@npm:3.0.1"
  checksum: 10c0/146ce5ae8325d07645a49bbc54d7ac3aef42f5138bfbbe83d5cf96293b50eab2219926d6cf41eed0a0f90132578089652ba9286a19297662900133a9da6c2fd0
  languageName: node
  linkType: hard

"eventsource@npm:^3.0.5":
  version: 3.0.6
  resolution: "eventsource@npm:3.0.6"
  dependencies:
    eventsource-parser: "npm:^3.0.1"
  checksum: 10c0/074d865ea1c7e29e3243f85a13306e89fca2d775b982dca03fa6bfa75c56827fa89cf1ab9e730db24bd6b104cbdcae074f2b37ba498874e9dd9710fbff4979bb
  languageName: node
  linkType: hard

"fast-content-type-parse@npm:^2.0.0":
  version: 2.0.1
  resolution: "fast-content-type-parse@npm:2.0.1"
  checksum: 10c0/e5ff87d75a35ae4cf377df1dca46ec49e7abbdc8513689676ecdef548b94900b50e66e516e64470035d79b9f7010ef15d98c24d8ae803a881363cc59e0715e19
  languageName: node
  linkType: hard

"form-data-encoder@npm:1.7.2":
  version: 1.7.2
  resolution: "form-data-encoder@npm:1.7.2"
  checksum: 10c0/56553768037b6d55d9de524f97fe70555f0e415e781cb56fc457a68263de3d40fadea2304d4beef2d40b1a851269bd7854e42c362107071892cb5238debe9464
  languageName: node
  linkType: hard

"form-data@npm:^4.0.0":
  version: 4.0.2
  resolution: "form-data@npm:4.0.2"
  dependencies:
    asynckit: "npm:^0.4.0"
    combined-stream: "npm:^1.0.8"
    es-set-tostringtag: "npm:^2.1.0"
    mime-types: "npm:^2.1.12"
  checksum: 10c0/e534b0cf025c831a0929bf4b9bbe1a9a6b03e273a8161f9947286b9b13bf8fb279c6944aae0070c4c311100c6d6dbb815cd955dc217728caf73fad8dc5b8ee9c
  languageName: node
  linkType: hard

"formdata-node@npm:^4.3.2":
  version: 4.4.1
  resolution: "formdata-node@npm:4.4.1"
  dependencies:
    node-domexception: "npm:1.0.0"
    web-streams-polyfill: "npm:4.0.0-beta.3"
  checksum: 10c0/74151e7b228ffb33b565cec69182694ad07cc3fdd9126a8240468bb70a8ba66e97e097072b60bcb08729b24c7ce3fd3e0bd7f1f80df6f9f662b9656786e76f6a
  languageName: node
  linkType: hard

"function-bind@npm:^1.1.2":
  version: 1.1.2
  resolution: "function-bind@npm:1.1.2"
  checksum: 10c0/d8680ee1e5fcd4c197e4ac33b2b4dce03c71f4d91717292785703db200f5c21f977c568d28061226f9b5900cbcd2c84463646134fd5337e7925e0942bc3f46d5
  languageName: node
  linkType: hard

"get-intrinsic@npm:^1.2.6":
  version: 1.3.0
  resolution: "get-intrinsic@npm:1.3.0"
  dependencies:
    call-bind-apply-helpers: "npm:^1.0.2"
    es-define-property: "npm:^1.0.1"
    es-errors: "npm:^1.3.0"
    es-object-atoms: "npm:^1.1.1"
    function-bind: "npm:^1.1.2"
    get-proto: "npm:^1.0.1"
    gopd: "npm:^1.2.0"
    has-symbols: "npm:^1.1.0"
    hasown: "npm:^2.0.2"
    math-intrinsics: "npm:^1.1.0"
  checksum: 10c0/52c81808af9a8130f581e6a6a83e1ba4a9f703359e7a438d1369a5267a25412322f03dcbd7c549edaef0b6214a0630a28511d7df0130c93cfd380f4fa0b5b66a
  languageName: node
  linkType: hard

"get-proto@npm:^1.0.1":
  version: 1.0.1
  resolution: "get-proto@npm:1.0.1"
  dependencies:
    dunder-proto: "npm:^1.0.1"
    es-object-atoms: "npm:^1.0.0"
  checksum: 10c0/9224acb44603c5526955e83510b9da41baf6ae73f7398875fba50edc5e944223a89c4a72b070fcd78beb5f7bdda58ecb6294adc28f7acfc0da05f76a2399643c
  languageName: node
  linkType: hard

"gopd@npm:^1.2.0":
  version: 1.2.0
  resolution: "gopd@npm:1.2.0"
  checksum: 10c0/50fff1e04ba2b7737c097358534eacadad1e68d24cccee3272e04e007bed008e68d2614f3987788428fd192a5ae3889d08fb2331417e4fc4a9ab366b2043cead
  languageName: node
  linkType: hard

"has-symbols@npm:^1.0.3, has-symbols@npm:^1.1.0":
  version: 1.1.0
  resolution: "has-symbols@npm:1.1.0"
  checksum: 10c0/dde0a734b17ae51e84b10986e651c664379018d10b91b6b0e9b293eddb32f0f069688c841fb40f19e9611546130153e0a2a48fd7f512891fb000ddfa36f5a20e
  languageName: node
  linkType: hard

"has-tostringtag@npm:^1.0.2":
  version: 1.0.2
  resolution: "has-tostringtag@npm:1.0.2"
  dependencies:
    has-symbols: "npm:^1.0.3"
  checksum: 10c0/a8b166462192bafe3d9b6e420a1d581d93dd867adb61be223a17a8d6dad147aa77a8be32c961bb2f27b3ef893cae8d36f564ab651f5e9b7938ae86f74027c48c
  languageName: node
  linkType: hard

"hasown@npm:^2.0.2":
  version: 2.0.2
  resolution: "hasown@npm:2.0.2"
  dependencies:
    function-bind: "npm:^1.1.2"
  checksum: 10c0/3769d434703b8ac66b209a4cca0737519925bbdb61dd887f93a16372b14694c63ff4e797686d87c90f08168e81082248b9b028bad60d4da9e0d1148766f56eb9
  languageName: node
  linkType: hard

"humanize-ms@npm:^1.2.1":
  version: 1.2.1
  resolution: "humanize-ms@npm:1.2.1"
  dependencies:
    ms: "npm:^2.0.0"
  checksum: 10c0/f34a2c20161d02303c2807badec2f3b49cbfbbb409abd4f95a07377ae01cfe6b59e3d15ac609cffcd8f2521f0eb37b7e1091acf65da99aa2a4f1ad63c21e7e7a
  languageName: node
  linkType: hard

"math-intrinsics@npm:^1.1.0":
  version: 1.1.0
  resolution: "math-intrinsics@npm:1.1.0"
  checksum: 10c0/7579ff94e899e2f76ab64491d76cf606274c874d8f2af4a442c016bd85688927fcfca157ba6bf74b08e9439dc010b248ce05b96cc7c126a354c3bae7fcb48b7f
  languageName: node
  linkType: hard

"mime-db@npm:1.52.0":
  version: 1.52.0
  resolution: "mime-db@npm:1.52.0"
  checksum: 10c0/0557a01deebf45ac5f5777fe7740b2a5c309c6d62d40ceab4e23da9f821899ce7a900b7ac8157d4548ddbb7beffe9abc621250e6d182b0397ec7f10c7b91a5aa
  languageName: node
  linkType: hard

"mime-types@npm:^2.1.12":
  version: 2.1.35
  resolution: "mime-types@npm:2.1.35"
  dependencies:
    mime-db: "npm:1.52.0"
  checksum: 10c0/82fb07ec56d8ff1fc999a84f2f217aa46cb6ed1033fefaabd5785b9a974ed225c90dc72fff460259e66b95b73648596dbcc50d51ed69cdf464af2d237d3149b2
  languageName: node
  linkType: hard

"ms@npm:^2.0.0":
  version: 2.1.3
  resolution: "ms@npm:2.1.3"
  checksum: 10c0/d924b57e7312b3b63ad21fc5b3dc0af5e78d61a1fc7cfb5457edaf26326bf62be5307cc87ffb6862ef1c2b33b0233cdb5d4f01c4c958cc0d660948b65a287a48
  languageName: node
  linkType: hard

"node-domexception@npm:1.0.0":
  version: 1.0.0
  resolution: "node-domexception@npm:1.0.0"
  checksum: 10c0/5e5d63cda29856402df9472335af4bb13875e1927ad3be861dc5ebde38917aecbf9ae337923777af52a48c426b70148815e890a5d72760f1b4d758cc671b1a2b
  languageName: node
  linkType: hard

"node-fetch@npm:^2.6.7":
  version: 2.7.0
  resolution: "node-fetch@npm:2.7.0"
  dependencies:
    whatwg-url: "npm:^5.0.0"
  peerDependencies:
    encoding: ^0.1.0
  peerDependenciesMeta:
    encoding:
      optional: true
  checksum: 10c0/b55786b6028208e6fbe594ccccc213cab67a72899c9234eb59dba51062a299ea853210fcf526998eaa2867b0963ad72338824450905679ff0fa304b8c5093ae8
  languageName: node
  linkType: hard

"octokit@npm:^4.1.3":
  version: 4.1.3
  resolution: "octokit@npm:4.1.3"
  dependencies:
    "@octokit/app": "npm:^15.1.6"
    "@octokit/core": "npm:^6.1.5"
    "@octokit/oauth-app": "npm:^7.1.6"
    "@octokit/plugin-paginate-graphql": "npm:^5.2.4"
    "@octokit/plugin-paginate-rest": "npm:^12.0.0"
    "@octokit/plugin-rest-endpoint-methods": "npm:^14.0.0"
    "@octokit/plugin-retry": "npm:^7.2.1"
    "@octokit/plugin-throttling": "npm:^10.0.0"
    "@octokit/request-error": "npm:^6.1.8"
    "@octokit/types": "npm:^14.0.0"
  checksum: 10c0/a35352dff1d7bacf8123e491489650c29b830a765f78113064edd6bd0aad0e58e8933874394892972fb8b0e43369b6f7a7b354426c61f4d9fc37408891fde582
  languageName: node
  linkType: hard

"openai@npm:^4.97.0":
  version: 4.97.0
  resolution: "openai@npm:4.97.0"
  dependencies:
    "@types/node": "npm:^18.11.18"
    "@types/node-fetch": "npm:^2.6.4"
    abort-controller: "npm:^3.0.0"
    agentkeepalive: "npm:^4.2.1"
    form-data-encoder: "npm:1.7.2"
    formdata-node: "npm:^4.3.2"
    node-fetch: "npm:^2.6.7"
  peerDependencies:
    ws: ^8.18.0
    zod: ^3.23.8
  peerDependenciesMeta:
    ws:
      optional: true
    zod:
      optional: true
  bin:
    openai: bin/cli
  checksum: 10c0/9938eb85102dd0465197e79c0912df9f3afd52be2d9524fd5100f5befbfa70e6bb7803120515ffa0925b7afc14762052b087c7c2f3d0b85852efa22aa1d745d6
  languageName: node
  linkType: hard

"parse-diff@npm:^0.11.1":
  version: 0.11.1
  resolution: "parse-diff@npm:0.11.1"
  checksum: 10c0/b8a488039f535e0ddaf1cfd4a13c2adc6d142f4e6263de6dc603f9762b59da89703a8f0dc8aacb7c7c66cdbdd2d075a57c63813fb74f66c9b8f5fe8ad2e89689
  languageName: node
  linkType: hard

"review-agent@workspace:.":
  version: 0.0.0-use.local
  resolution: "review-agent@workspace:."
  dependencies:
    "@octokit/webhooks": "npm:^13.8.2"
    "@octokit/webhooks-definitions": octokit/webhooks
    "@types/node": "npm:^22.15.8"
    dotenv: "npm:^16.5.0"
    octokit: "npm:^4.1.3"
    openai: "npm:^4.97.0"
    parse-diff: "npm:^0.11.1"
    smee-client: "npm:^3.1.1"
    typescript: "npm:^5.8.3"
    zod: "npm:^3.24.4"
    zod-to-json-schema: "npm:^3.24.5"
  languageName: unknown
  linkType: soft

"smee-client@npm:^3.1.1":
  version: 3.1.1
  resolution: "smee-client@npm:3.1.1"
  dependencies:
    commander: "npm:^12.0.0"
    eventsource: "npm:^3.0.5"
    undici: "npm:^6.19.8"
    validator: "npm:^13.11.0"
  bin:
    smee: bin/smee.js
  checksum: 10c0/24fd526330d0d0b0763de574c4d6595739eb0413882d617dce07ca35f71fd732c96a9ca723d394e1e9e938b4ef004a9d69797cb700ec72a6fc69396c8128d245
  languageName: node
  linkType: hard

"toad-cache@npm:^3.7.0":
  version: 3.7.0
  resolution: "toad-cache@npm:3.7.0"
  checksum: 10c0/7dae2782ee20b22c9798bb8b71dec7ec6a0091021d2ea9dd6e8afccab6b65b358fdba49a02209fac574499702e2c000660721516c87c2538d1b2c0ba03e8c0c3
  languageName: node
  linkType: hard

"tr46@npm:~0.0.3":
  version: 0.0.3
  resolution: "tr46@npm:0.0.3"
  checksum: 10c0/047cb209a6b60c742f05c9d3ace8fa510bff609995c129a37ace03476a9b12db4dbf975e74600830ef0796e18882b2381fb5fb1f6b4f96b832c374de3ab91a11
  languageName: node
  linkType: hard

"typescript@npm:^5.8.3":
  version: 5.8.3
  resolution: "typescript@npm:5.8.3"
  bin:
    tsc: bin/tsc
    tsserver: bin/tsserver
  checksum: 10c0/5f8bb01196e542e64d44db3d16ee0e4063ce4f3e3966df6005f2588e86d91c03e1fb131c2581baf0fb65ee79669eea6e161cd448178986587e9f6844446dbb48
  languageName: node
  linkType: hard

"typescript@patch:typescript@npm%3A^5.8.3#optional!builtin<compat/typescript>":
  version: 5.8.3
  resolution: "typescript@patch:typescript@npm%3A5.8.3#optional!builtin<compat/typescript>::version=5.8.3&hash=5786d5"
  bin:
    tsc: bin/tsc
    tsserver: bin/tsserver
  checksum: 10c0/39117e346ff8ebd87ae1510b3a77d5d92dae5a89bde588c747d25da5c146603a99c8ee588c7ef80faaf123d89ed46f6dbd918d534d641083177d5fac38b8a1cb
  languageName: node
  linkType: hard

"undici-types@npm:~5.26.4":
  version: 5.26.5
  resolution: "undici-types@npm:5.26.5"
  checksum: 10c0/bb673d7876c2d411b6eb6c560e0c571eef4a01c1c19925175d16e3a30c4c428181fb8d7ae802a261f283e4166a0ac435e2f505743aa9e45d893f9a3df017b501
  languageName: node
  linkType: hard

"undici-types@npm:~6.21.0":
  version: 6.21.0
  resolution: "undici-types@npm:6.21.0"
  checksum: 10c0/c01ed51829b10aa72fc3ce64b747f8e74ae9b60eafa19a7b46ef624403508a54c526ffab06a14a26b3120d055e1104d7abe7c9017e83ced038ea5cf52f8d5e04
  languageName: node
  linkType: hard

"undici@npm:^6.19.8":
  version: 6.21.2
  resolution: "undici@npm:6.21.2"
  checksum: 10c0/799bbc02b77dda9b6b12d56d2620a3a4d4cf087908d6a548acc3ce32f21b5c27467f75c2c4b30fab281daf341210be3d685e8fe99854288de541715ae5735027
  languageName: node
  linkType: hard

"universal-github-app-jwt@npm:^2.2.0":
  version: 2.2.2
  resolution: "universal-github-app-jwt@npm:2.2.2"
  checksum: 10c0/7ae5f031fb89c01a4407459b764c5e6341d725d436e1ceec161f9b754dd4883d9704cc8de53d5b6314b7e1bef8dbc7561799fc23001e706f213d468c17026fb6
  languageName: node
  linkType: hard

"universal-user-agent@npm:^7.0.0, universal-user-agent@npm:^7.0.2":
  version: 7.0.2
  resolution: "universal-user-agent@npm:7.0.2"
  checksum: 10c0/e60517ee929813e6b3ac0ceb3c66deccafadc71341edca160279ff046319c684fd7090a60d63aa61cd34a06c2d2acebeb8c2f8d364244ae7bf8ab788e20cd8c8
  languageName: node
  linkType: hard

"validator@npm:^13.11.0":
  version: 13.15.0
  resolution: "validator@npm:13.15.0"
  checksum: 10c0/0f13fd7031ac575e8d7828431da8ef5859bac6a38ee65e1d7fdd367dbf1c3d94d95182aecc3183f7fa7a30ff4474bf864d1aff54707620227a2cdbfd36d894c2
  languageName: node
  linkType: hard

"web-streams-polyfill@npm:4.0.0-beta.3":
  version: 4.0.0-beta.3
  resolution: "web-streams-polyfill@npm:4.0.0-beta.3"
  checksum: 10c0/a9596779db2766990117ed3a158e0b0e9f69b887a6d6ba0779940259e95f99dc3922e534acc3e5a117b5f5905300f527d6fbf8a9f0957faf1d8e585ce3452e8e
  languageName: node
  linkType: hard

"webidl-conversions@npm:^3.0.0":
  version: 3.0.1
  resolution: "webidl-conversions@npm:3.0.1"
  checksum: 10c0/5612d5f3e54760a797052eb4927f0ddc01383550f542ccd33d5238cfd65aeed392a45ad38364970d0a0f4fea32e1f4d231b3d8dac4a3bdd385e5cf802ae097db
  languageName: node
  linkType: hard

"whatwg-url@npm:^5.0.0":
  version: 5.0.0
  resolution: "whatwg-url@npm:5.0.0"
  dependencies:
    tr46: "npm:~0.0.3"
    webidl-conversions: "npm:^3.0.0"
  checksum: 10c0/1588bed84d10b72d5eec1d0faa0722ba1962f1821e7539c535558fb5398d223b0c50d8acab950b8c488b4ba69043fd833cc2697056b167d8ad46fac3995a55d5
  languageName: node
  linkType: hard

"zod-to-json-schema@npm:^3.24.5":
  version: 3.24.5
  resolution: "zod-to-json-schema@npm:3.24.5"
  peerDependencies:
    zod: ^3.24.1
  checksum: 10c0/0745b94ba53e652d39f262641cdeb2f75d24339fb6076a38ce55bcf53d82dfaea63adf524ebc5f658681005401687f8e9551c4feca7c4c882e123e66091dfb90
  languageName: node
  linkType: hard

"zod@npm:^3.24.4":
  version: 3.24.4
  resolution: "zod@npm:3.24.4"
  checksum: 10c0/ab3112f017562180a41a0f83d870b333677f7d6b77f106696c56894567051b91154714a088149d8387a4f50806a2520efcb666f108cd384a35c236a191186d91
  languageName: node
  linkType: hard
